
Microsoft Visual Studio Solution File, Format Version 12.00
# Visual Studio 15
VisualStudioVersion = 15.0.26430.6
MinimumVisualStudioVersion = 10.0.40219.1
Project("{FAE04EC0-301F-11D3-BF4B-00C04F79EFBC}") = "Mandelbrot", "Mandelbrot.csproj", "{BFFE77EA-0AC3-4233-8A60-43B769CDEA5D}"
EndProject
Global
	GlobalSection(SolutionConfigurationPlatforms) = preSolution
		Debug|x64 = Debug|x64
		Release|x64 = Release|x64
	EndGlobalSection
	GlobalSection(ProjectConfigurationPlatforms) = postSolution
		{BFFE77EA-0AC3-4233-8A60-43B769CDEA5D}.Debug|x64.ActiveCfg = Debug|x64
		{BFFE77EA-0AC3-4233-8A60-43B769CDEA5D}.Debug|x64.Build.0 = Debug|x64
		{BFFE77EA-0AC3-4233-8A60-43B769CDEA5D}.Release|x64.ActiveCfg = Release|x64
		{BFFE77EA-0AC3-4233-8A60-43B769CDEA5D}.Release|x64.Build.0 = Release|x64
	EndGlobalSection
	GlobalSection(SolutionProperties) = preSolution
		HideSolutionNode = FALSE
	EndGlobalSection
	GlobalSection(Performance) = preSolution
		HasPerformanceSessions = true
	EndGlobalSection
	GlobalSection(Performance) = preSolution
		HasPerformanceSessions = true
	EndGlobalSection
EndGlobal
